
Microsoft Visual Studio Solution File, Format Version 12.00
# Visual Studio 15
Project("{FAE04EC0-301F-11D3-BF4B-00C04F79EFBC}") = "Unity.Timeline", "Unity.Timeline.csproj", "{C3CFE227-8C02-0EA5-798D-311030FBFB91}"
EndProject
Project("{FAE04EC0-301F-11D3-BF4B-00C04F79EFBC}") = "Unity.Timeline.Editor", "Unity.Timeline.Editor.csproj", "{43312389-612B-42D4-4FD2-E0CC57ADE433}"
EndProject
Project("{FAE04EC0-301F-11D3-BF4B-00C04F79EFBC}") = "Unity.TextMeshPro.Editor", "Unity.TextMeshPro.Editor.csproj", "{C08431D7-78B7-87A0-BB31-555624BF98CD}"
EndProject
Project("{FAE04EC0-301F-11D3-BF4B-00C04F79EFBC}") = "Unity.VisualScripting.Flow", "Unity.VisualScripting.Flow.csproj", "{D3007069-5EE8-5841-5468-202F0973B84D}"
EndProject
Project("{FAE04EC0-301F-11D3-BF4B-00C04F79EFBC}") = "Unity.PlasticSCM.Editor", "Unity.PlasticSCM.Editor.csproj", "{AA6A2B37-4FC3-3B2A-0AB9-A58803B011C9}"
EndProject
Project("{FAE04EC0-301F-11D3-BF4B-00C04F79EFBC}") = "Unity.VisualScripting.Core", "Unity.VisualScripting.Core.csproj", "{0313F759-F3A0-DE9F-F3BE-CA3988EFC020}"
EndProject
Project("{FAE04EC0-301F-11D3-BF4B-00C04F79EFBC}") = "Unity.VisualScripting.Core.Editor", "Unity.VisualScripting.Core.Editor.csproj", "{E48807EB-C2A9-3768-5EA3-107B5C4B6C42}"
EndProject
Project("{FAE04EC0-301F-11D3-BF4B-00C04F79EFBC}") = "Unity.VisualScripting.Flow.Editor", "Unity.VisualScripting.Flow.Editor.csproj", "{BE8632A4-260F-0905-62EE-EE7A1C3B866C}"
EndProject
Project("{FAE04EC0-301F-11D3-BF4B-00C04F79EFBC}") = "UnityEditor.TestRunner", "UnityEditor.TestRunner.csproj", "{447196CF-A8FA-BDFB-07CC-661EACCF3B48}"
EndProject
Project("{FAE04EC0-301F-11D3-BF4B-00C04F79EFBC}") = "Unity.VisualScripting.SettingsProvider.Editor", "Unity.VisualScripting.SettingsProvider.Editor.csproj", "{36ED96DF-25AD-DA68-2C2B-9C84C868834A}"
EndProject
Project("{FAE04EC0-301F-11D3-BF4B-00C04F79EFBC}") = "UnityEngine.TestRunner", "UnityEngine.TestRunner.csproj", "{3D8AA4AB-3ED4-7241-2C4D-6ED10A417746}"
EndProject
Project("{FAE04EC0-301F-11D3-BF4B-00C04F79EFBC}") = "Unity.AI.Navigation.Editor", "Unity.AI.Navigation.Editor.csproj", "{E79AD179-2650-D639-5644-C127552987C5}"
EndProject
Project("{FAE04EC0-301F-11D3-BF4B-00C04F79EFBC}") = "Unity.VisualStudio.Editor", "Unity.VisualStudio.Editor.csproj", "{87DA3642-D294-13F9-8569-FD73948D82DE}"
EndProject
Project("{FAE04EC0-301F-11D3-BF4B-00C04F79EFBC}") = "Unity.TestTools.CodeCoverage.Editor.OpenCover.Model", "Unity.TestTools.CodeCoverage.Editor.OpenCover.Model.csproj", "{514E1F6A-2778-2F52-DB20-F9C4BA17D802}"
EndProject
Project("{FAE04EC0-301F-11D3-BF4B-00C04F79EFBC}") = "Unity.Rider.Editor", "Unity.Rider.Editor.csproj", "{B5D23597-29FB-8CB3-2DFA-BB4CC88FF209}"
EndProject
Project("{FAE04EC0-301F-11D3-BF4B-00C04F79EFBC}") = "Unity.AI.Navigation", "Unity.AI.Navigation.csproj", "{653ED1E6-633A-1959-C46A-C2A5D10D3C33}"
EndProject
Project("{FAE04EC0-301F-11D3-BF4B-00C04F79EFBC}") = "Unity.AI.Navigation.Editor.ConversionSystem", "Unity.AI.Navigation.Editor.ConversionSystem.csproj", "{39708AF0-760E-61CE-9EF9-34235C9DB5D3}"
EndProject
Project("{FAE04EC0-301F-11D3-BF4B-00C04F79EFBC}") = "Unity.VisualScripting.State.Editor", "Unity.VisualScripting.State.Editor.csproj", "{C096D8D0-8A23-F201-8B47-160A7D73A911}"
EndProject
Project("{FAE04EC0-301F-11D3-BF4B-00C04F79EFBC}") = "Unity.TestTools.CodeCoverage.Editor", "Unity.TestTools.CodeCoverage.Editor.csproj", "{8CA53050-3CCF-5B94-9614-77B1734CBCAA}"
EndProject
Project("{FAE04EC0-301F-11D3-BF4B-00C04F79EFBC}") = "Assembly-CSharp", "Assembly-CSharp.csproj", "{324D4E90-B5A1-AC06-DF9A-914D3BB8B073}"
EndProject
Project("{FAE04EC0-301F-11D3-BF4B-00C04F79EFBC}") = "Unity.VisualScripting.State", "Unity.VisualScripting.State.csproj", "{1D295D9A-AEE6-1168-0A3D-3B89EB958401}"
EndProject
Project("{FAE04EC0-301F-11D3-BF4B-00C04F79EFBC}") = "Unity.TextMeshPro", "Unity.TextMeshPro.csproj", "{AB35954E-EB27-2E11-F56B-3F333706F100}"
EndProject
Project("{FAE04EC0-301F-11D3-BF4B-00C04F79EFBC}") = "Unity.Performance.Profile-Analyzer.Editor", "Unity.Performance.Profile-Analyzer.Editor.csproj", "{8A5ECDED-EEAA-EE79-538A-B2BF340B3BC8}"
EndProject
Project("{FAE04EC0-301F-11D3-BF4B-00C04F79EFBC}") = "Unity.VSCode.Editor", "Unity.VSCode.Editor.csproj", "{7B7DF698-C8F4-B1F8-9F5E-A18B106F62DF}"
EndProject
Project("{FAE04EC0-301F-11D3-BF4B-00C04F79EFBC}") = "Unity.TestTools.CodeCoverage.Editor.OpenCover.Mono.Reflection", "Unity.TestTools.CodeCoverage.Editor.OpenCover.Mono.Reflection.csproj", "{7092B0D9-A721-6163-6DF9-00647E55BED6}"
EndProject
Project("{FAE04EC0-301F-11D3-BF4B-00C04F79EFBC}") = "Unity.AI.Navigation.Updater", "Unity.AI.Navigation.Updater.csproj", "{6244A9E6-5453-1F08-1324-C3C353919AE1}"
EndProject
Project("{FAE04EC0-301F-11D3-BF4B-00C04F79EFBC}") = "Unity.Settings.Editor", "Unity.Settings.Editor.csproj", "{9CD964EC-9795-56FF-E38C-147485AB6C77}"
EndProject
Project("{FAE04EC0-301F-11D3-BF4B-00C04F79EFBC}") = "Unity.EditorCoroutines.Editor", "Unity.EditorCoroutines.Editor.csproj", "{941F14AE-8B2C-6BB7-469C-AFBBE30AF639}"
EndProject
Project("{FAE04EC0-301F-11D3-BF4B-00C04F79EFBC}") = "Unity.VisualScripting.Shared.Editor", "Unity.VisualScripting.Shared.Editor.csproj", "{D065C3B8-2BDF-7471-3950-CD7086481F2B}"
EndProject
Project("{FAE04EC0-301F-11D3-BF4B-00C04F79EFBC}") = "Unity.CollabProxy.Editor", "Unity.CollabProxy.Editor.csproj", "{07E4C0A6-57BF-1AC1-03F1-F1A3CE904DE8}"
EndProject
Global
	GlobalSection(SolutionConfigurationPlatforms) = preSolution
		Debug|Any CPU = Debug|Any CPU
		Release|Any CPU = Release|Any CPU
	EndGlobalSection
	GlobalSection(ProjectConfigurationPlatforms) = postSolution
		{C3CFE227-8C02-0EA5-798D-311030FBFB91}.Debug|Any CPU.ActiveCfg = Debug|Any CPU
		{C3CFE227-8C02-0EA5-798D-311030FBFB91}.Debug|Any CPU.Build.0 = Debug|Any CPU
		{C3CFE227-8C02-0EA5-798D-311030FBFB91}.Release|Any CPU.ActiveCfg = Release|Any CPU
		{C3CFE227-8C02-0EA5-798D-311030FBFB91}.Release|Any CPU.Build.0 = Release|Any CPU
		{43312389-612B-42D4-4FD2-E0CC57ADE433}.Debug|Any CPU.ActiveCfg = Debug|Any CPU
		{43312389-612B-42D4-4FD2-E0CC57ADE433}.Debug|Any CPU.Build.0 = Debug|Any CPU
		{43312389-612B-42D4-4FD2-E0CC57ADE433}.Release|Any CPU.ActiveCfg = Release|Any CPU
		{43312389-612B-42D4-4FD2-E0CC57ADE433}.Release|Any CPU.Build.0 = Release|Any CPU
		{C08431D7-78B7-87A0-BB31-555624BF98CD}.Debug|Any CPU.ActiveCfg = Debug|Any CPU
		{C08431D7-78B7-87A0-BB31-555624BF98CD}.Debug|Any CPU.Build.0 = Debug|Any CPU
		{C08431D7-78B7-87A0-BB31-555624BF98CD}.Release|Any CPU.ActiveCfg = Release|Any CPU
		{C08431D7-78B7-87A0-BB31-555624BF98CD}.Release|Any CPU.Build.0 = Release|Any CPU
		{D3007069-5EE8-5841-5468-202F0973B84D}.Debug|Any CPU.ActiveCfg = Debug|Any CPU
		{D3007069-5EE8-5841-5468-202F0973B84D}.Debug|Any CPU.Build.0 = Debug|Any CPU
		{D3007069-5EE8-5841-5468-202F0973B84D}.Release|Any CPU.ActiveCfg = Release|Any CPU
		{D3007069-5EE8-5841-5468-202F0973B84D}.Release|Any CPU.Build.0 = Release|Any CPU
		{AA6A2B37-4FC3-3B2A-0AB9-A58803B011C9}.Debug|Any CPU.ActiveCfg = Debug|Any CPU
		{AA6A2B37-4FC3-3B2A-0AB9-A58803B011C9}.Debug|Any CPU.Build.0 = Debug|Any CPU
		{AA6A2B37-4FC3-3B2A-0AB9-A58803B011C9}.Release|Any CPU.ActiveCfg = Release|Any CPU
		{AA6A2B37-4FC3-3B2A-0AB9-A58803B011C9}.Release|Any CPU.Build.0 = Release|Any CPU
		{0313F759-F3A0-DE9F-F3BE-CA3988EFC020}.Debug|Any CPU.ActiveCfg = Debug|Any CPU
		{0313F759-F3A0-DE9F-F3BE-CA3988EFC020}.Debug|Any CPU.Build.0 = Debug|Any CPU
		{0313F759-F3A0-DE9F-F3BE-CA3988EFC020}.Release|Any CPU.ActiveCfg = Release|Any CPU
		{0313F759-F3A0-DE9F-F3BE-CA3988EFC020}.Release|Any CPU.Build.0 = Release|Any CPU
		{E48807EB-C2A9-3768-5EA3-107B5C4B6C42}.Debug|Any CPU.ActiveCfg = Debug|Any CPU
		{E48807EB-C2A9-3768-5EA3-107B5C4B6C42}.Debug|Any CPU.Build.0 = Debug|Any CPU
		{E48807EB-C2A9-3768-5EA3-107B5C4B6C42}.Release|Any CPU.ActiveCfg = Release|Any CPU
		{E48807EB-C2A9-3768-5EA3-107B5C4B6C42}.Release|Any CPU.Build.0 = Release|Any CPU
		{BE8632A4-260F-0905-62EE-EE7A1C3B866C}.Debug|Any CPU.ActiveCfg = Debug|Any CPU
		{BE8632A4-260F-0905-62EE-EE7A1C3B866C}.Debug|Any CPU.Build.0 = Debug|Any CPU
		{BE8632A4-260F-0905-62EE-EE7A1C3B866C}.Release|Any CPU.ActiveCfg = Release|Any CPU
		{BE8632A4-260F-0905-62EE-EE7A1C3B866C}.Release|Any CPU.Build.0 = Release|Any CPU
		{447196CF-A8FA-BDFB-07CC-661EACCF3B48}.Debug|Any CPU.ActiveCfg = Debug|Any CPU
		{447196CF-A8FA-BDFB-07CC-661EACCF3B48}.Debug|Any CPU.Build.0 = Debug|Any CPU
		{447196CF-A8FA-BDFB-07CC-661EACCF3B48}.Release|Any CPU.ActiveCfg = Release|Any CPU
		{447196CF-A8FA-BDFB-07CC-661EACCF3B48}.Release|Any CPU.Build.0 = Release|Any CPU
		{36ED96DF-25AD-DA68-2C2B-9C84C868834A}.Debug|Any CPU.ActiveCfg = Debug|Any CPU
		{36ED96DF-25AD-DA68-2C2B-9C84C868834A}.Debug|Any CPU.Build.0 = Debug|Any CPU
		{36ED96DF-25AD-DA68-2C2B-9C84C868834A}.Release|Any CPU.ActiveCfg = Release|Any CPU
		{36ED96DF-25AD-DA68-2C2B-9C84C868834A}.Release|Any CPU.Build.0 = Release|Any CPU
		{3D8AA4AB-3ED4-7241-2C4D-6ED10A417746}.Debug|Any CPU.ActiveCfg = Debug|Any CPU
		{3D8AA4AB-3ED4-7241-2C4D-6ED10A417746}.Debug|Any CPU.Build.0 = Debug|Any CPU
		{3D8AA4AB-3ED4-7241-2C4D-6ED10A417746}.Release|Any CPU.ActiveCfg = Release|Any CPU
		{3D8AA4AB-3ED4-7241-2C4D-6ED10A417746}.Release|Any CPU.Build.0 = Release|Any CPU
		{E79AD179-2650-D639-5644-C127552987C5}.Debug|Any CPU.ActiveCfg = Debug|Any CPU
		{E79AD179-2650-D639-5644-C127552987C5}.Debug|Any CPU.Build.0 = Debug|Any CPU
		{E79AD179-2650-D639-5644-C127552987C5}.Release|Any CPU.ActiveCfg = Release|Any CPU
		{E79AD179-2650-D639-5644-C127552987C5}.Release|Any CPU.Build.0 = Release|Any CPU
		{87DA3642-D294-13F9-8569-FD73948D82DE}.Debug|Any CPU.ActiveCfg = Debug|Any CPU
		{87DA3642-D294-13F9-8569-FD73948D82DE}.Debug|Any CPU.Build.0 = Debug|Any CPU
		{87DA3642-D294-13F9-8569-FD73948D82DE}.Release|Any CPU.ActiveCfg = Release|Any CPU
		{87DA3642-D294-13F9-8569-FD73948D82DE}.Release|Any CPU.Build.0 = Release|Any CPU
		{514E1F6A-2778-2F52-DB20-F9C4BA17D802}.Debug|Any CPU.ActiveCfg = Debug|Any CPU
		{514E1F6A-2778-2F52-DB20-F9C4BA17D802}.Debug|Any CPU.Build.0 = Debug|Any CPU
		{514E1F6A-2778-2F52-DB20-F9C4BA17D802}.Release|Any CPU.ActiveCfg = Release|Any CPU
		{514E1F6A-2778-2F52-DB20-F9C4BA17D802}.Release|Any CPU.Build.0 = Release|Any CPU
		{B5D23597-29FB-8CB3-2DFA-BB4CC88FF209}.Debug|Any CPU.ActiveCfg = Debug|Any CPU
		{B5D23597-29FB-8CB3-2DFA-BB4CC88FF209}.Debug|Any CPU.Build.0 = Debug|Any CPU
		{B5D23597-29FB-8CB3-2DFA-BB4CC88FF209}.Release|Any CPU.ActiveCfg = Release|Any CPU
		{B5D23597-29FB-8CB3-2DFA-BB4CC88FF209}.Release|Any CPU.Build.0 = Release|Any CPU
		{653ED1E6-633A-1959-C46A-C2A5D10D3C33}.Debug|Any CPU.ActiveCfg = Debug|Any CPU
		{653ED1E6-633A-1959-C46A-C2A5D10D3C33}.Debug|Any CPU.Build.0 = Debug|Any CPU
		{653ED1E6-633A-1959-C46A-C2A5D10D3C33}.Release|Any CPU.ActiveCfg = Release|Any CPU
		{653ED1E6-633A-1959-C46A-C2A5D10D3C33}.Release|Any CPU.Build.0 = Release|Any CPU
		{39708AF0-760E-61CE-9EF9-34235C9DB5D3}.Debug|Any CPU.ActiveCfg = Debug|Any CPU
		{39708AF0-760E-61CE-9EF9-34235C9DB5D3}.Debug|Any CPU.Build.0 = Debug|Any CPU
		{39708AF0-760E-61CE-9EF9-34235C9DB5D3}.Release|Any CPU.ActiveCfg = Release|Any CPU
		{39708AF0-760E-61CE-9EF9-34235C9DB5D3}.Release|Any CPU.Build.0 = Release|Any CPU
		{C096D8D0-8A23-F201-8B47-160A7D73A911}.Debug|Any CPU.ActiveCfg = Debug|Any CPU
		{C096D8D0-8A23-F201-8B47-160A7D73A911}.Debug|Any CPU.Build.0 = Debug|Any CPU
		{C096D8D0-8A23-F201-8B47-160A7D73A911}.Release|Any CPU.ActiveCfg = Release|Any CPU
		{C096D8D0-8A23-F201-8B47-160A7D73A911}.Release|Any CPU.Build.0 = Release|Any CPU
		{8CA53050-3CCF-5B94-9614-77B1734CBCAA}.Debug|Any CPU.ActiveCfg = Debug|Any CPU
		{8CA53050-3CCF-5B94-9614-77B1734CBCAA}.Debug|Any CPU.Build.0 = Debug|Any CPU
		{8CA53050-3CCF-5B94-9614-77B1734CBCAA}.Release|Any CPU.ActiveCfg = Release|Any CPU
		{8CA53050-3CCF-5B94-9614-77B1734CBCAA}.Release|Any CPU.Build.0 = Release|Any CPU
		{324D4E90-B5A1-AC06-DF9A-914D3BB8B073}.Debug|Any CPU.ActiveCfg = Debug|Any CPU
		{324D4E90-B5A1-AC06-DF9A-914D3BB8B073}.Debug|Any CPU.Build.0 = Debug|Any CPU
		{324D4E90-B5A1-AC06-DF9A-914D3BB8B073}.Release|Any CPU.ActiveCfg = Release|Any CPU
		{324D4E90-B5A1-AC06-DF9A-914D3BB8B073}.Release|Any CPU.Build.0 = Release|Any CPU
		{1D295D9A-AEE6-1168-0A3D-3B89EB958401}.Debug|Any CPU.ActiveCfg = Debug|Any CPU
		{1D295D9A-AEE6-1168-0A3D-3B89EB958401}.Debug|Any CPU.Build.0 = Debug|Any CPU
		{1D295D9A-AEE6-1168-0A3D-3B89EB958401}.Release|Any CPU.ActiveCfg = Release|Any CPU
		{1D295D9A-AEE6-1168-0A3D-3B89EB958401}.Release|Any CPU.Build.0 = Release|Any CPU
		{AB35954E-EB27-2E11-F56B-3F333706F100}.Debug|Any CPU.ActiveCfg = Debug|Any CPU
		{AB35954E-EB27-2E11-F56B-3F333706F100}.Debug|Any CPU.Build.0 = Debug|Any CPU
		{AB35954E-EB27-2E11-F56B-3F333706F100}.Release|Any CPU.ActiveCfg = Release|Any CPU
		{AB35954E-EB27-2E11-F56B-3F333706F100}.Release|Any CPU.Build.0 = Release|Any CPU
		{8A5ECDED-EEAA-EE79-538A-B2BF340B3BC8}.Debug|Any CPU.ActiveCfg = Debug|Any CPU
		{8A5ECDED-EEAA-EE79-538A-B2BF340B3BC8}.Debug|Any CPU.Build.0 = Debug|Any CPU
		{8A5ECDED-EEAA-EE79-538A-B2BF340B3BC8}.Release|Any CPU.ActiveCfg = Release|Any CPU
		{8A5ECDED-EEAA-EE79-538A-B2BF340B3BC8}.Release|Any CPU.Build.0 = Release|Any CPU
		{7B7DF698-C8F4-B1F8-9F5E-A18B106F62DF}.Debug|Any CPU.ActiveCfg = Debug|Any CPU
		{7B7DF698-C8F4-B1F8-9F5E-A18B106F62DF}.Debug|Any CPU.Build.0 = Debug|Any CPU
		{7B7DF698-C8F4-B1F8-9F5E-A18B106F62DF}.Release|Any CPU.ActiveCfg = Release|Any CPU
		{7B7DF698-C8F4-B1F8-9F5E-A18B106F62DF}.Release|Any CPU.Build.0 = Release|Any CPU
		{7092B0D9-A721-6163-6DF9-00647E55BED6}.Debug|Any CPU.ActiveCfg = Debug|Any CPU
		{7092B0D9-A721-6163-6DF9-00647E55BED6}.Debug|Any CPU.Build.0 = Debug|Any CPU
		{7092B0D9-A721-6163-6DF9-00647E55BED6}.Release|Any CPU.ActiveCfg = Release|Any CPU
		{7092B0D9-A721-6163-6DF9-00647E55BED6}.Release|Any CPU.Build.0 = Release|Any CPU
		{6244A9E6-5453-1F08-1324-C3C353919AE1}.Debug|Any CPU.ActiveCfg = Debug|Any CPU
		{6244A9E6-5453-1F08-1324-C3C353919AE1}.Debug|Any CPU.Build.0 = Debug|Any CPU
		{6244A9E6-5453-1F08-1324-C3C353919AE1}.Release|Any CPU.ActiveCfg = Release|Any CPU
		{6244A9E6-5453-1F08-1324-C3C353919AE1}.Release|Any CPU.Build.0 = Release|Any CPU
		{9CD964EC-9795-56FF-E38C-147485AB6C77}.Debug|Any CPU.ActiveCfg = Debug|Any CPU
		{9CD964EC-9795-56FF-E38C-147485AB6C77}.Debug|Any CPU.Build.0 = Debug|Any CPU
		{9CD964EC-9795-56FF-E38C-147485AB6C77}.Release|Any CPU.ActiveCfg = Release|Any CPU
		{9CD964EC-9795-56FF-E38C-147485AB6C77}.Release|Any CPU.Build.0 = Release|Any CPU
		{941F14AE-8B2C-6BB7-469C-AFBBE30AF639}.Debug|Any CPU.ActiveCfg = Debug|Any CPU
		{941F14AE-8B2C-6BB7-469C-AFBBE30AF639}.Debug|Any CPU.Build.0 = Debug|Any CPU
		{941F14AE-8B2C-6BB7-469C-AFBBE30AF639}.Release|Any CPU.ActiveCfg = Release|Any CPU
		{941F14AE-8B2C-6BB7-469C-AFBBE30AF639}.Release|Any CPU.Build.0 = Release|Any CPU
		{D065C3B8-2BDF-7471-3950-CD7086481F2B}.Debug|Any CPU.ActiveCfg = Debug|Any CPU
		{D065C3B8-2BDF-7471-3950-CD7086481F2B}.Debug|Any CPU.Build.0 = Debug|Any CPU
		{D065C3B8-2BDF-7471-3950-CD7086481F2B}.Release|Any CPU.ActiveCfg = Release|Any CPU
		{D065C3B8-2BDF-7471-3950-CD7086481F2B}.Release|Any CPU.Build.0 = Release|Any CPU
		{07E4C0A6-57BF-1AC1-03F1-F1A3CE904DE8}.Debug|Any CPU.ActiveCfg = Debug|Any CPU
		{07E4C0A6-57BF-1AC1-03F1-F1A3CE904DE8}.Debug|Any CPU.Build.0 = Debug|Any CPU
		{07E4C0A6-57BF-1AC1-03F1-F1A3CE904DE8}.Release|Any CPU.ActiveCfg = Release|Any CPU
		{07E4C0A6-57BF-1AC1-03F1-F1A3CE904DE8}.Release|Any CPU.Build.0 = Release|Any CPU
	EndGlobalSection
	GlobalSection(SolutionProperties) = preSolution
		HideSolutionNode = FALSE
	EndGlobalSection
EndGlobal
